// !$*UTF8*$!
{
	archiveVersion = 1;
	classes = {
	};
	objectVersion = 50;
	objects = {

/* Begin PBXBuildFile section */
		8F44772922274EDF003311FB /* MyTextField.swift in Sources */ = {isa = PBXBuildFile; fileRef = 8F44772822274EDF003311FB /* MyTextField.swift */; };
		8F44772B2227DDAC003311FB /* NetMgr.swift in Sources */ = {isa = PBXBuildFile; fileRef = 8F44772A2227DDAC003311FB /* NetMgr.swift */; };
		8FE02F8B222700660005957B /* AppDelegate.swift in Sources */ = {isa = PBXBuildFile; fileRef = 8FE02F8A222700650005957B /* AppDelegate.swift */; };
		8FE02F8D222700660005957B /* ViewController.swift in Sources */ = {isa = PBXBuildFile; fileRef = 8FE02F8C222700660005957B /* ViewController.swift */; };
		8FE02F90222700660005957B /* Main.storyboard in Resources */ = {isa = PBXBuildFile; fileRef = 8FE02F8E222700660005957B /* Main.storyboard */; };
		8FE02F92222700690005957B /* Assets.xcassets in Resources */ = {isa = PBXBuildFile; fileRef = 8FE02F91222700690005957B /* Assets.xcassets */; };
		8FE02F95222700690005957B /* LaunchScreen.storyboard in Resources */ = {isa = PBXBuildFile; fileRef = 8FE02F93222700690005957B /* LaunchScreen.storyboard */; };
		8FE02F9E222713C30005957B /* LoginVC.xib in Resources */ = {isa = PBXBuildFile; fileRef = 8FE02F9D222713C30005957B /* LoginVC.xib */; };
		8FE02FA0222716070005957B /* LoginVC.swift in Sources */ = {isa = PBXBuildFile; fileRef = 8FE02F9F222716070005957B /* LoginVC.swift */; };
		8FE02FA322272BEB0005957B /* UserAuth.swift in Sources */ = {isa = PBXBuildFile; fileRef = 8FE02FA222272BEB0005957B /* UserAuth.swift */; };
		8FE02FA522272DBB0005957B /* TasksListVC.xib in Resources */ = {isa = PBXBuildFile; fileRef = 8FE02FA422272DBB0005957B /* TasksListVC.xib */; };
		8FE02FA722272DCC0005957B /* TasksListVC.swift in Sources */ = {isa = PBXBuildFile; fileRef = 8FE02FA622272DCC0005957B /* TasksListVC.swift */; };
		E74E16106C458CB07074EC67 /* Pods_Doit_test_sergemi.framework in Frameworks */ = {isa = PBXBuildFile; fileRef = 0A22B6B87E5053D47FD7F19D /* Pods_Doit_test_sergemi.framework */; };
/* End PBXBuildFile section */

/* Begin PBXFileReference section */
		0A22B6B87E5053D47FD7F19D /* Pods_Doit_test_sergemi.framework */ = {isa = PBXFileReference; explicitFileType = wrapper.framework; includeInIndex = 0; path = Pods_Doit_test_sergemi.framework; sourceTree = BUILT_PRODUCTS_DIR; };
		4CCA10E1898AFF2DD4A9B932 /* Pods-Doit_test_sergemi.release.xcconfig */ = {isa = PBXFileReference; includeInIndex = 1; lastKnownFileType = text.xcconfig; name = "Pods-Doit_test_sergemi.release.xcconfig"; path = "Pods/Target Support Files/Pods-Doit_test_sergemi/Pods-Doit_test_sergemi.release.xcconfig"; sourceTree = "<group>"; };
		511A72BAB614F5D1FBABBE7B /* Pods-Doit_test_sergemi.debug.xcconfig */ = {isa = PBXFileReference; includeInIndex = 1; lastKnownFileType = text.xcconfig; name = "Pods-Doit_test_sergemi.debug.xcconfig"; path = "Pods/Target Support Files/Pods-Doit_test_sergemi/Pods-Doit_test_sergemi.debug.xcconfig"; sourceTree = "<group>"; };
		8F44772822274EDF003311FB /* MyTextField.swift */ = {isa = PBXFileReference; lastKnownFileType = sourcecode.swift; path = MyTextField.swift; sourceTree = "<group>"; };
		8F44772A2227DDAC003311FB /* NetMgr.swift */ = {isa = PBXFileReference; lastKnownFileType = sourcecode.swift; path = NetMgr.swift; sourceTree = "<group>"; };
		8FE02F87222700650005957B /* Doit_test_sergemi.app */ = {isa = PBXFileReference; explicitFileType = wrapper.application; includeInIndex = 0; path = Doit_test_sergemi.app; sourceTree = BUILT_PRODUCTS_DIR; };
		8FE02F8A222700650005957B /* AppDelegate.swift */ = {isa = PBXFileReference; lastKnownFileType = sourcecode.swift; path = AppDelegate.swift; sourceTree = "<group>"; };
		8FE02F8C222700660005957B /* ViewController.swift */ = {isa = PBXFileReference; lastKnownFileType = sourcecode.swift; path = ViewController.swift; sourceTree = "<group>"; };
		8FE02F8F222700660005957B /* Base */ = {isa = PBXFileReference; lastKnownFileType = file.storyboard; name = Base; path = Base.lproj/Main.storyboard; sourceTree = "<group>"; };
		8FE02F91222700690005957B /* Assets.xcassets */ = {isa = PBXFileReference; lastKnownFileType = folder.assetcatalog; path = Assets.xcassets; sourceTree = "<group>"; };
		8FE02F94222700690005957B /* Base */ = {isa = PBXFileReference; lastKnownFileType = file.storyboard; name = Base; path = Base.lproj/LaunchScreen.storyboard; sourceTree = "<group>"; };
		8FE02F96222700690005957B /* Info.plist */ = {isa = PBXFileReference; lastKnownFileType = text.plist.xml; path = Info.plist; sourceTree = "<group>"; };
		8FE02F9D222713C30005957B /* LoginVC.xib */ = {isa = PBXFileReference; lastKnownFileType = file.xib; path = LoginVC.xib; sourceTree = "<group>"; };
		8FE02F9F222716070005957B /* LoginVC.swift */ = {isa = PBXFileReference; lastKnownFileType = sourcecode.swift; path = LoginVC.swift; sourceTree = "<group>"; };
		8FE02FA222272BEB0005957B /* UserAuth.swift */ = {isa = PBXFileReference; lastKnownFileType = sourcecode.swift; path = UserAuth.swift; sourceTree = "<group>"; };
		8FE02FA422272DBB0005957B /* TasksListVC.xib */ = {isa = PBXFileReference; lastKnownFileType = file.xib; path = TasksListVC.xib; sourceTree = "<group>"; };
		8FE02FA622272DCC0005957B /* TasksListVC.swift */ = {isa = PBXFileReference; lastKnownFileType = sourcecode.swift; path = TasksListVC.swift; sourceTree = "<group>"; };
/* End PBXFileReference section */

/* Begin PBXFrameworksBuildPhase section */
		8FE02F84222700650005957B /* Frameworks */ = {
			isa = PBXFrameworksBuildPhase;
			buildActionMask = 2147483647;
			files = (
				E74E16106C458CB07074EC67 /* Pods_Doit_test_sergemi.framework in Frameworks */,
			);
			runOnlyForDeploymentPostprocessing = 0;
		};
/* End PBXFrameworksBuildPhase section */

/* Begin PBXGroup section */
		4011CA92A652C586DC696C62 /* Frameworks */ = {
			isa = PBXGroup;
			children = (
				0A22B6B87E5053D47FD7F19D /* Pods_Doit_test_sergemi.framework */,
			);
			name = Frameworks;
			sourceTree = "<group>";
		};
		69D846E48AFF18F62D09B657 /* Pods */ = {
			isa = PBXGroup;
			children = (
				511A72BAB614F5D1FBABBE7B /* Pods-Doit_test_sergemi.debug.xcconfig */,
				4CCA10E1898AFF2DD4A9B932 /* Pods-Doit_test_sergemi.release.xcconfig */,
			);
			name = Pods;
			sourceTree = "<group>";
		};
		8F44772722274E68003311FB /* UI */ = {
			isa = PBXGroup;
			children = (
				8F44772822274EDF003311FB /* MyTextField.swift */,
			);
			path = UI;
			sourceTree = "<group>";
		};
		8FE02F7E222700650005957B = {
			isa = PBXGroup;
			children = (
				8F44772722274E68003311FB /* UI */,
				8FE02FA122272BCB0005957B /* Services */,
				8FE02F9C222713A10005957B /* ViewControllers */,
				8FE02F89222700650005957B /* Doit_test_sergemi */,
				8FE02F88222700650005957B /* Products */,
				69D846E48AFF18F62D09B657 /* Pods */,
				4011CA92A652C586DC696C62 /* Frameworks */,
			);
			sourceTree = "<group>";
		};
		8FE02F88222700650005957B /* Products */ = {
			isa = PBXGroup;
			children = (
				8FE02F87222700650005957B /* Doit_test_sergemi.app */,
			);
			name = Products;
			sourceTree = "<group>";
		};
		8FE02F89222700650005957B /* Doit_test_sergemi */ = {
			isa = PBXGroup;
			children = (
				8FE02F8A222700650005957B /* AppDelegate.swift */,
				8FE02F8C222700660005957B /* ViewController.swift */,
				8FE02F8E222700660005957B /* Main.storyboard */,
				8FE02F91222700690005957B /* Assets.xcassets */,
				8FE02F93222700690005957B /* LaunchScreen.storyboard */,
				8FE02F96222700690005957B /* Info.plist */,
			);
			path = Doit_test_sergemi;
			sourceTree = "<group>";
		};
		8FE02F9C222713A10005957B /* ViewControllers */ = {
			isa = PBXGroup;
			children = (
				8FE02F9D222713C30005957B /* LoginVC.xib */,
				8FE02F9F222716070005957B /* LoginVC.swift */,
				8FE02FA422272DBB0005957B /* TasksListVC.xib */,
				8FE02FA622272DCC0005957B /* TasksListVC.swift */,
			);
			path = ViewControllers;
			sourceTree = "<group>";
		};
		8FE02FA122272BCB0005957B /* Services */ = {
			isa = PBXGroup;
			children = (
				8FE02FA222272BEB0005957B /* UserAuth.swift */,
				8F44772A2227DDAC003311FB /* NetMgr.swift */,
			);
			path = Services;
			sourceTree = "<group>";
		};
/* End PBXGroup section */

/* Begin PBXNativeTarget section */
		8FE02F86222700650005957B /* Doit_test_sergemi */ = {
			isa = PBXNativeTarget;
			buildConfigurationList = 8FE02F99222700690005957B /* Build configuration list for PBXNativeTarget "Doit_test_sergemi" */;
			buildPhases = (
				8E9C3C08D31D7B29920913F4 /* [CP] Check Pods Manifest.lock */,
				8FE02F83222700650005957B /* Sources */,
				8FE02F84222700650005957B /* Frameworks */,
				8FE02F85222700650005957B /* Resources */,
				8BFDB498CCA2C8EC1F830E3F /* [CP] Embed Pods Frameworks */,
			);
			buildRules = (
			);
			dependencies = (
			);
			name = Doit_test_sergemi;
			productName = Doit_test_sergemi;
			productReference = 8FE02F87222700650005957B /* Doit_test_sergemi.app */;
			productType = "com.apple.product-type.application";
		};
/* End PBXNativeTarget section */

/* Begin PBXProject section */
		8FE02F7F222700650005957B /* Project object */ = {
			isa = PBXProject;
			attributes = {
				LastSwiftUpdateCheck = 1010;
				LastUpgradeCheck = 1010;
				ORGANIZATIONNAME = sergemi;
				TargetAttributes = {
					8FE02F86222700650005957B = {
						CreatedOnToolsVersion = 10.1;
					};
				};
			};
			buildConfigurationList = 8FE02F82222700650005957B /* Build configuration list for PBXProject "Doit_test_sergemi" */;
			compatibilityVersion = "Xcode 9.3";
			developmentRegion = en;
			hasScannedForEncodings = 0;
			knownRegions = (
				en,
				Base,
			);
			mainGroup = 8FE02F7E222700650005957B;
			productRefGroup = 8FE02F88222700650005957B /* Products */;
			projectDirPath = "";
			projectRoot = "";
			targets = (
				8FE02F86222700650005957B /* Doit_test_sergemi */,
			);
		};
/* End PBXProject section */

/* Begin PBXResourcesBuildPhase section */
		8FE02F85222700650005957B /* Resources */ = {
			isa = PBXResourcesBuildPhase;
			buildActionMask = 2147483647;
			files = (
				8FE02F95222700690005957B /* LaunchScreen.storyboard in Resources */,
				8FE02FA522272DBB0005957B /* TasksListVC.xib in Resources */,
				8FE02F92222700690005957B /* Assets.xcassets in Resources */,
				8FE02F9E222713C30005957B /* LoginVC.xib in Resources */,
				8FE02F90222700660005957B /* Main.storyboard in Resources */,
			);
			runOnlyForDeploymentPostprocessing = 0;
		};
/* End PBXResourcesBuildPhase section */

/* Begin PBXShellScriptBuildPhase section */
		8BFDB498CCA2C8EC1F830E3F /* [CP] Embed Pods Frameworks */ = {
			isa = PBXShellScriptBuildPhase;
			buildActionMask = 2147483647;
			files = (
			);
			inputPaths = (
				"${SRCROOT}/Pods/Target Support Files/Pods-Doit_test_sergemi/Pods-Doit_test_sergemi-frameworks.sh",
				"${BUILT_PRODUCTS_DIR}/Alamofire/Alamofire.framework",
				"${BUILT_PRODUCTS_DIR}/SwiftyJSON/SwiftyJSON.framework",
			);
			name = "[CP] Embed Pods Frameworks";
			outputPaths = (
				"${TARGET_BUILD_DIR}/${FRAMEWORKS_FOLDER_PATH}/Alamofire.framework",
				"${TARGET_BUILD_DIR}/${FRAMEWORKS_FOLDER_PATH}/SwiftyJSON.framework",
			);
			runOnlyForDeploymentPostprocessing = 0;
			shellPath = /bin/sh;
			shellScript = "\"${SRCROOT}/Pods/Target Support Files/Pods-Doit_test_sergemi/Pods-Doit_test_sergemi-frameworks.sh\"\n";
			showEnvVarsInLog = 0;
		};
		8E9C3C08D31D7B29920913F4 /* [CP] Check Pods Manifest.lock */ = {
			isa = PBXShellScriptBuildPhase;
			buildActionMask = 2147483647;
			files = (
			);
			inputPaths = (
				"${PODS_PODFILE_DIR_PATH}/Podfile.lock",
				"${PODS_ROOT}/Manifest.lock",
			);
			name = "[CP] Check Pods Manifest.lock";
			outputPaths = (
				"$(DERIVED_FILE_DIR)/Pods-Doit_test_sergemi-checkManifestLockResult.txt",
			);
			runOnlyForDeploymentPostprocessing = 0;
			shellPath = /bin/sh;
			shellScript = "diff \"${PODS_PODFILE_DIR_PATH}/Podfile.lock\" \"${PODS_ROOT}/Manifest.lock\" > /dev/null\nif [ $? != 0 ] ; then\n    # print error to STDERR\n    echo \"error: The sandbox is not in sync with the Podfile.lock. Run 'pod install' or update your CocoaPods installation.\" >&2\n    exit 1\nfi\n# This output is used by Xcode 'outputs' to avoid re-running this script phase.\necho \"SUCCESS\" > \"${SCRIPT_OUTPUT_FILE_0}\"\n";
			showEnvVarsInLog = 0;
		};
/* End PBXShellScriptBuildPhase section */

/* Begin PBXSourcesBuildPhase section */
		8FE02F83222700650005957B /* Sources */ = {
			isa = PBXSourcesBuildPhase;
			buildActionMask = 2147483647;
			files = (
				8FE02F8D222700660005957B /* ViewController.swift in Sources */,
				8FE02F8B222700660005957B /* AppDelegate.swift in Sources */,
				8FE02FA722272DCC0005957B /* TasksListVC.swift in Sources */,
				8F44772922274EDF003311FB /* MyTextField.swift in Sources */,
				8FE02FA322272BEB0005957B /* UserAuth.swift in Sources */,
				8F44772B2227DDAC003311FB /* NetMgr.swift in Sources */,
				8FE02FA0222716070005957B /* LoginVC.swift in Sources */,
			);
			runOnlyForDeploymentPostprocessing = 0;
		};
/* End PBXSourcesBuildPhase section */

/* Begin PBXVariantGroup section */
		8FE02F8E222700660005957B /* Main.storyboard */ = {
			isa = PBXVariantGroup;
			children = (
				8FE02F8F222700660005957B /* Base */,
			);
			name = Main.storyboard;
			sourceTree = "<group>";
		};
		8FE02F93222700690005957B /* LaunchScreen.storyboard */ = {
			isa = PBXVariantGroup;
			children = (
				8FE02F94222700690005957B /* Base */,
			);
			name = LaunchScreen.storyboard;
			sourceTree = "<group>";
		};
/* End PBXVariantGroup section */

/* Begin XCBuildConfiguration section */
		8FE02F97222700690005957B /* Debug */ = {
			isa = XCBuildConfiguration;
			buildSettings = {
				ALWAYS_SEARCH_USER_PATHS = NO;
				CLANG_ANALYZER_NONNULL = YES;
				CLANG_ANALYZER_NUMBER_OBJECT_CONVERSION = YES_AGGRESSIVE;
				CLANG_CXX_LANGUAGE_STANDARD = "gnu++14";
				CLANG_CXX_LIBRARY = "libc++";
				CLANG_ENABLE_MODULES = YES;
				CLANG_ENABLE_OBJC_ARC = YES;
				CLANG_ENABLE_OBJC_WEAK = YES;
				CLANG_WARN_BLOCK_CAPTURE_AUTORELEASING = YES;
				CLANG_WARN_BOOL_CONVERSION = YES;
				CLANG_WARN_COMMA = YES;
				CLANG_WARN_CONSTANT_CONVERSION = YES;
				CLANG_WARN_DEPRECATED_OBJC_IMPLEMENTATIONS = YES;
				CLANG_WARN_DIRECT_OBJC_ISA_USAGE = YES_ERROR;
				CLANG_WARN_DOCUMENTATION_COMMENTS = YES;
				CLANG_WARN_EMPTY_BODY = YES;
				CLANG_WARN_ENUM_CONVERSION = YES;
				CLANG_WARN_INFINITE_RECURSION = YES;
				CLANG_WARN_INT_CONVERSION = YES;
				CLANG_WARN_NON_LITERAL_NULL_CONVERSION = YES;
				CLANG_WARN_OBJC_IMPLICIT_RETAIN_SELF = YES;
				CLANG_WARN_OBJC_LITERAL_CONVERSION = YES;
				CLANG_WARN_OBJC_ROOT_CLASS = YES_ERROR;
				CLANG_WARN_RANGE_LOOP_ANALYSIS = YES;
				CLANG_WARN_STRICT_PROTOTYPES = YES;
				CLANG_WARN_SUSPICIOUS_MOVE = YES;
				CLANG_WARN_UNGUARDED_AVAILABILITY = YES_AGGRESSIVE;
				CLANG_WARN_UNREACHABLE_CODE = YES;
				CLANG_WARN__DUPLICATE_METHOD_MATCH = YES;
				CODE_SIGN_IDENTITY = "iPhone Developer";
				COPY_PHASE_STRIP = NO;
				DEBUG_INFORMATION_FORMAT = dwarf;
				ENABLE_STRICT_OBJC_MSGSEND = YES;
				ENABLE_TESTABILITY = YES;
				GCC_C_LANGUAGE_STANDARD = gnu11;
				GCC_DYNAMIC_NO_PIC = NO;
				GCC_NO_COMMON_BLOCKS = YES;
				GCC_OPTIMIZATION_LEVEL = 0;
				GCC_PREPROCESSOR_DEFINITIONS = (
					"DEBUG=1",
					"$(inherited)",
				);
				GCC_WARN_64_TO_32_BIT_CONVERSION = YES;
				GCC_WARN_ABOUT_RETURN_TYPE = YES_ERROR;
				GCC_WARN_UNDECLARED_SELECTOR = YES;
				GCC_WARN_UNINITIALIZED_AUTOS = YES_AGGRESSIVE;
				GCC_WARN_UNUSED_FUNCTION = YES;
				GCC_WARN_UNUSED_VARIABLE = YES;
				IPHONEOS_DEPLOYMENT_TARGET = 12.1;
				MTL_ENABLE_DEBUG_INFO = INCLUDE_SOURCE;
				MTL_FAST_MATH = YES;
				ONLY_ACTIVE_ARCH = YES;
				SDKROOT = iphoneos;
				SWIFT_ACTIVE_COMPILATION_CONDITIONS = DEBUG;
				SWIFT_OPTIMIZATION_LEVEL = "-Onone";
			};
			name = Debug;
		};
		8FE02F98222700690005957B /* Release */ = {
			isa = XCBuildConfiguration;
			buildSettings = {
				ALWAYS_SEARCH_USER_PATHS = NO;
				CLANG_ANALYZER_NONNULL = YES;
				CLANG_ANALYZER_NUMBER_OBJECT_CONVERSION = YES_AGGRESSIVE;
				CLANG_CXX_LANGUAGE_STANDARD = "gnu++14";
				CLANG_CXX_LIBRARY = "libc++";
				CLANG_ENABLE_MODULES = YES;
				CLANG_ENABLE_OBJC_ARC = YES;
				CLANG_ENABLE_OBJC_WEAK = YES;
				CLANG_WARN_BLOCK_CAPTURE_AUTORELEASING = YES;
				CLANG_WARN_BOOL_CONVERSION = YES;
				CLANG_WARN_COMMA = YES;
				CLANG_WARN_CONSTANT_CONVERSION = YES;
				CLANG_WARN_DEPRECATED_OBJC_IMPLEMENTATIONS = YES;
				CLANG_WARN_DIRECT_OBJC_ISA_USAGE = YES_ERROR;
				CLANG_WARN_DOCUMENTATION_COMMENTS = YES;
				CLANG_WARN_EMPTY_BODY = YES;
				CLANG_WARN_ENUM_CONVERSION = YES;
				CLANG_WARN_INFINITE_RECURSION = YES;
				CLANG_WARN_INT_CONVERSION = YES;
				CLANG_WARN_NON_LITERAL_NULL_CONVERSION = YES;
				CLANG_WARN_OBJC_IMPLICIT_RETAIN_SELF = YES;
				CLANG_WARN_OBJC_LITERAL_CONVERSION = YES;
				CLANG_WARN_OBJC_ROOT_CLASS = YES_ERROR;
				CLANG_WARN_RANGE_LOOP_ANALYSIS = YES;
				CLANG_WARN_STRICT_PROTOTYPES = YES;
				CLANG_WARN_SUSPICIOUS_MOVE = YES;
				CLANG_WARN_UNGUARDED_AVAILABILITY = YES_AGGRESSIVE;
				CLANG_WARN_UNREACHABLE_CODE = YES;
				CLANG_WARN__DUPLICATE_METHOD_MATCH = YES;
				CODE_SIGN_IDENTITY = "iPhone Developer";
				COPY_PHASE_STRIP = NO;
				DEBUG_INFORMATION_FORMAT = "dwarf-with-dsym";
				ENABLE_NS_ASSERTIONS = NO;
				ENABLE_STRICT_OBJC_MSGSEND = YES;
				GCC_C_LANGUAGE_STANDARD = gnu11;
				GCC_NO_COMMON_BLOCKS = YES;
				GCC_WARN_64_TO_32_BIT_CONVERSION = YES;
				GCC_WARN_ABOUT_RETURN_TYPE = YES_ERROR;
				GCC_WARN_UNDECLARED_SELECTOR = YES;
				GCC_WARN_UNINITIALIZED_AUTOS = YES_AGGRESSIVE;
				GCC_WARN_UNUSED_FUNCTION = YES;
				GCC_WARN_UNUSED_VARIABLE = YES;
				IPHONEOS_DEPLOYMENT_TARGET = 12.1;
				MTL_ENABLE_DEBUG_INFO = NO;
				MTL_FAST_MATH = YES;
				SDKROOT = iphoneos;
				SWIFT_COMPILATION_MODE = wholemodule;
				SWIFT_OPTIMIZATION_LEVEL = "-O";
				VALIDATE_PRODUCT = YES;
			};
			name = Release;
		};
		8FE02F9A222700690005957B /* Debug */ = {
			isa = XCBuildConfiguration;
			baseConfigurationReference = 511A72BAB614F5D1FBABBE7B /* Pods-Doit_test_sergemi.debug.xcconfig */;
			buildSettings = {
				ASSETCATALOG_COMPILER_APPICON_NAME = AppIcon;
				CODE_SIGN_STYLE = Automatic;
				DEVELOPMENT_TEAM = 7C8K3NAH2H;
				INFOPLIST_FILE = Doit_test_sergemi/Info.plist;
				LD_RUNPATH_SEARCH_PATHS = (
					"$(inherited)",
					"@executable_path/Frameworks",
				);
				PRODUCT_BUNDLE_IDENTIFIER = "sergemi.Doit-test-sergemi";
				PRODUCT_NAME = "$(TARGET_NAME)";
				SWIFT_VERSION = 4.2;
				TARGETED_DEVICE_FAMILY = "1,2";
			};
			name = Debug;
		};
		8FE02F9B222700690005957B /* Release */ = {
			isa = XCBuildConfiguration;
			baseConfigurationReference = 4CCA10E1898AFF2DD4A9B932 /* Pods-Doit_test_sergemi.release.xcconfig */;
			buildSettings = {
				ASSETCATALOG_COMPILER_APPICON_NAME = AppIcon;
				CODE_SIGN_STYLE = Automatic;
				DEVELOPMENT_TEAM = 7C8K3NAH2H;
				INFOPLIST_FILE = Doit_test_sergemi/Info.plist;
				LD_RUNPATH_SEARCH_PATHS = (
					"$(inherited)",
					"@executable_path/Frameworks",
				);
				PRODUCT_BUNDLE_IDENTIFIER = "sergemi.Doit-test-sergemi";
				PRODUCT_NAME = "$(TARGET_NAME)";
				SWIFT_VERSION = 4.2;
				TARGETED_DEVICE_FAMILY = "1,2";
			};
			name = Release;
		};
/* End XCBuildConfiguration section */

/* Begin XCConfigurationList section */
		8FE02F82222700650005957B /* Build configuration list for PBXProject "Doit_test_sergemi" */ = {
			isa = XCConfigurationList;
			buildConfigurations = (
				8FE02F97222700690005957B /* Debug */,
				8FE02F98222700690005957B /* Release */,
			);
			defaultConfigurationIsVisible = 0;
			defaultConfigurationName = Release;
		};
		8FE02F99222700690005957B /* Build configuration list for PBXNativeTarget "Doit_test_sergemi" */ = {
			isa = XCConfigurationList;
			buildConfigurations = (
				8FE02F9A222700690005957B /* Debug */,
				8FE02F9B222700690005957B /* Release */,
			);
			defaultConfigurationIsVisible = 0;
			defaultConfigurationName = Release;
		};
/* End XCConfigurationList section */
	};
	rootObject = 8FE02F7F222700650005957B /* Project object */;
}
